
Microsoft Visual Studio Solution File, Format Version 12.00
# Visual Studio 14
VisualStudioVersion = 14.0.25420.1
MinimumVisualStudioVersion = 10.0.40219.1
Project("{FAE04EC0-301F-11D3-BF4B-00C04F79EFBC}") = "9_CelciusFarenheit", "9_CelciusFarenheit\9_CelciusFarenheit.csproj", "{AEABDBD9-4B2C-4782-869C-97A14539C8D8}"
EndProject
Global
	GlobalSection(SolutionConfigurationPlatforms) = preSolution
		Debug|Any CPU = Debug|Any CPU
		Release|Any CPU = Release|Any CPU
	EndGlobalSection
	GlobalSection(ProjectConfigurationPlatforms) = postSolution
		{AEABDBD9-4B2C-4782-869C-97A14539C8D8}.Debug|Any CPU.ActiveCfg = Debug|Any CPU
		{AEABDBD9-4B2C-4782-869C-97A14539C8D8}.Debug|Any CPU.Build.0 = Debug|Any CPU
		{AEABDBD9-4B2C-4782-869C-97A14539C8D8}.Release|Any CPU.ActiveCfg = Release|Any CPU
		{AEABDBD9-4B2C-4782-869C-97A14539C8D8}.Release|Any CPU.Build.0 = Release|Any CPU
	EndGlobalSection
	GlobalSection(SolutionProperties) = preSolution
		HideSolutionNode = FALSE
	EndGlobalSection
EndGlobal
